// !$*UTF8*$!
{
	archiveVersion = 1;
	classes = {
	};
	objectVersion = 50;
	objects = {

/* Begin PBXBuildFile section */
		890B038A2514FE1E001DC79D /* virazePersonalisationDark.mov in Resources */ = {isa = PBXBuildFile; fileRef = 890B03882514FE1D001DC79D /* virazePersonalisationDark.mov */; };
		890B038B2514FE1E001DC79D /* virazePersonalisationLight.mov in Resources */ = {isa = PBXBuildFile; fileRef = 890B03892514FE1D001DC79D /* virazePersonalisationLight.mov */; };
		890B038E25151A6C001DC79D /* VirusMoreTableViewController.swift in Sources */ = {isa = PBXBuildFile; fileRef = 890B038D25151A6C001DC79D /* VirusMoreTableViewController.swift */; };
		890B039225151B2B001DC79D /* Main.storyboard in Resources */ = {isa = PBXBuildFile; fileRef = 89AF6C5B24E4D91500CA1EC6 /* Main.storyboard */; };
		891677C72513B9CB006A45A4 /* VirusTableViewController.swift in Sources */ = {isa = PBXBuildFile; fileRef = 891677C62513B9CB006A45A4 /* VirusTableViewController.swift */; };
		891677CD25146A68006A45A4 /* AllSourcesTableViewController.swift in Sources */ = {isa = PBXBuildFile; fileRef = 891677CC25146A67006A45A4 /* AllSourcesTableViewController.swift */; };
		8931C09024F564B300F7541D /* ScaleSegue.swift in Sources */ = {isa = PBXBuildFile; fileRef = 8931C08F24F564B300F7541D /* ScaleSegue.swift */; };
		89378C6A2510867200409CCC /* VirusViewController.swift in Sources */ = {isa = PBXBuildFile; fileRef = 89378C692510867200409CCC /* VirusViewController.swift */; };
		89378C6C2510987800409CCC /* ResourcesTableViewController.swift in Sources */ = {isa = PBXBuildFile; fileRef = 89378C6B2510987800409CCC /* ResourcesTableViewController.swift */; };
		89378C6E2510989F00409CCC /* FAQsTableViewController.swift in Sources */ = {isa = PBXBuildFile; fileRef = 89378C6D2510989F00409CCC /* FAQsTableViewController.swift */; };
		89479B732507E6B3003E512C /* MoreDetailsViewController.swift in Sources */ = {isa = PBXBuildFile; fileRef = 89479B722507E6B3003E512C /* MoreDetailsViewController.swift */; };
		894A36F5250881E00042B227 /* Virus (Dark).mov in Resources */ = {isa = PBXBuildFile; fileRef = 894A36F3250881E00042B227 /* Virus (Dark).mov */; };
		894A36F6250881E00042B227 /* Virus (Light).mov in Resources */ = {isa = PBXBuildFile; fileRef = 894A36F4250881E00042B227 /* Virus (Light).mov */; };
		896F16CB25147E6700390AFA /* MoreSettingsTableViewController.swift in Sources */ = {isa = PBXBuildFile; fileRef = 896F16CA25147E6700390AFA /* MoreSettingsTableViewController.swift */; };
		8978695824EE93AB0007F25A /* SettingsTableViewController.swift in Sources */ = {isa = PBXBuildFile; fileRef = 8978695724EE93AB0007F25A /* SettingsTableViewController.swift */; };
		8978695A24EE93B30007F25A /* AccountTableViewController.swift in Sources */ = {isa = PBXBuildFile; fileRef = 8978695924EE93B30007F25A /* AccountTableViewController.swift */; };
		8978695C24EF664A0007F25A /* SecurityAndPrivacyTableViewController.swift in Sources */ = {isa = PBXBuildFile; fileRef = 8978695B24EF664A0007F25A /* SecurityAndPrivacyTableViewController.swift */; };
		897FFCD0250CA83C005E336B /* GuidelinesTableViewController.swift in Sources */ = {isa = PBXBuildFile; fileRef = 897FFCCF250CA83C005E336B /* GuidelinesTableViewController.swift */; };
		89A714B125065CBF003AA536 /* ImageViewZoom.swift in Sources */ = {isa = PBXBuildFile; fileRef = 89A714B025065CBF003AA536 /* ImageViewZoom.swift */; };
		89AF6C5624E4D91500CA1EC6 /* AppDelegate.swift in Sources */ = {isa = PBXBuildFile; fileRef = 89AF6C5524E4D91500CA1EC6 /* AppDelegate.swift */; };
		89AF6C5824E4D91500CA1EC6 /* SceneDelegate.swift in Sources */ = {isa = PBXBuildFile; fileRef = 89AF6C5724E4D91500CA1EC6 /* SceneDelegate.swift */; };
		89AF6C5A24E4D91500CA1EC6 /* ViewController.swift in Sources */ = {isa = PBXBuildFile; fileRef = 89AF6C5924E4D91500CA1EC6 /* ViewController.swift */; };
		89AF6C5F24E4D91800CA1EC6 /* Assets.xcassets in Resources */ = {isa = PBXBuildFile; fileRef = 89AF6C5E24E4D91800CA1EC6 /* Assets.xcassets */; };
		89AF6C6224E4D91800CA1EC6 /* LaunchScreen.storyboard in Resources */ = {isa = PBXBuildFile; fileRef = 89AF6C6024E4D91800CA1EC6 /* LaunchScreen.storyboard */; };
		89AF6C6A24E50B1800CA1EC6 /* TabBarController.swift in Sources */ = {isa = PBXBuildFile; fileRef = 89AF6C6924E50B1700CA1EC6 /* TabBarController.swift */; };
		89AF6C6C24E5107800CA1EC6 /* TutorialViewController.swift in Sources */ = {isa = PBXBuildFile; fileRef = 89AF6C6B24E5107800CA1EC6 /* TutorialViewController.swift */; };
		89AF6C6E24E5502F00CA1EC6 /* NameViewController.swift in Sources */ = {isa = PBXBuildFile; fileRef = 89AF6C6D24E5502E00CA1EC6 /* NameViewController.swift */; };
		89B6FFB724E7E75100B7A0B9 /* Data.swift in Sources */ = {isa = PBXBuildFile; fileRef = 89B6FFB624E7E75100B7A0B9 /* Data.swift */; };
		89CBF2F52514A5C000BDE9C7 /* TreatmentVirusViewController.swift in Sources */ = {isa = PBXBuildFile; fileRef = 89CBF2F42514A5C000BDE9C7 /* TreatmentVirusViewController.swift */; };
		89D8D90624E6440A00ED240C /* HomeViewController.swift in Sources */ = {isa = PBXBuildFile; fileRef = 89D8D90524E6440A00ED240C /* HomeViewController.swift */; };
		89D8D90824E66E9500ED240C /* ChangeNameViewController.swift in Sources */ = {isa = PBXBuildFile; fileRef = 89D8D90724E66E9500ED240C /* ChangeNameViewController.swift */; };
		89E37E3B2503E5E800434D16 /* TutorialInSettingsViewController.swift in Sources */ = {isa = PBXBuildFile; fileRef = 89E37E3A2503E5E800434D16 /* TutorialInSettingsViewController.swift */; };
		89E37E3D2504777300434D16 /* SourcesTableViewController.swift in Sources */ = {isa = PBXBuildFile; fileRef = 89E37E3C2504777200434D16 /* SourcesTableViewController.swift */; };
		89E37E3F250544EB00434D16 /* TipsTableViewController.swift in Sources */ = {isa = PBXBuildFile; fileRef = 89E37E3E250544EA00434D16 /* TipsTableViewController.swift */; };
		89E6D20E24F0A5AA005E9B11 /* HelpTableViewController.swift in Sources */ = {isa = PBXBuildFile; fileRef = 89E6D20D24F0A5AA005E9B11 /* HelpTableViewController.swift */; };
		89F11CF424F785EE004746EC /* McqQnsViewController.swift in Sources */ = {isa = PBXBuildFile; fileRef = 89F11CF224F785ED004746EC /* McqQnsViewController.swift */; };
		89F11CF524F785EE004746EC /* McqMainViewController.swift in Sources */ = {isa = PBXBuildFile; fileRef = 89F11CF324F785EE004746EC /* McqMainViewController.swift */; };
		89F2D9D0251368F900020C21 /* PreventionVirusViewController.swift in Sources */ = {isa = PBXBuildFile; fileRef = 89F2D9CF251368F900020C21 /* PreventionVirusViewController.swift */; };
		89F5878F24F22E370058D62B /* TestVirusViewController.swift in Sources */ = {isa = PBXBuildFile; fileRef = 89F5878E24F22E360058D62B /* TestVirusViewController.swift */; };
		89F5879124F2472A0058D62B /* DefintionViewController.swift in Sources */ = {isa = PBXBuildFile; fileRef = 89F5879024F2472A0058D62B /* DefintionViewController.swift */; };
		89F5879524F274B80058D62B /* CircularTransition.swift in Sources */ = {isa = PBXBuildFile; fileRef = 89F5879424F274B80058D62B /* CircularTransition.swift */; };
		89F5879724F27CD10058D62B /* FirstViewController.swift in Sources */ = {isa = PBXBuildFile; fileRef = 89F5879624F27CD10058D62B /* FirstViewController.swift */; };
		89F5879924F27CE00058D62B /* SecondViewController.swift in Sources */ = {isa = PBXBuildFile; fileRef = 89F5879824F27CE00058D62B /* SecondViewController.swift */; };
/* End PBXBuildFile section */

/* Begin PBXFileReference section */
		890B03882514FE1D001DC79D /* virazePersonalisationDark.mov */ = {isa = PBXFileReference; lastKnownFileType = video.quicktime; path = virazePersonalisationDark.mov; sourceTree = "<group>"; };
		890B03892514FE1D001DC79D /* virazePersonalisationLight.mov */ = {isa = PBXFileReference; lastKnownFileType = video.quicktime; path = virazePersonalisationLight.mov; sourceTree = "<group>"; };
		890B038D25151A6C001DC79D /* VirusMoreTableViewController.swift */ = {isa = PBXFileReference; lastKnownFileType = sourcecode.swift; path = VirusMoreTableViewController.swift; sourceTree = "<group>"; };
		891677C62513B9CB006A45A4 /* VirusTableViewController.swift */ = {isa = PBXFileReference; lastKnownFileType = sourcecode.swift; path = VirusTableViewController.swift; sourceTree = "<group>"; };
		891677CC25146A67006A45A4 /* AllSourcesTableViewController.swift */ = {isa = PBXFileReference; lastKnownFileType = sourcecode.swift; path = AllSourcesTableViewController.swift; sourceTree = "<group>"; };
		8931C08F24F564B300F7541D /* ScaleSegue.swift */ = {isa = PBXFileReference; lastKnownFileType = sourcecode.swift; path = ScaleSegue.swift; sourceTree = "<group>"; };
		89378C692510867200409CCC /* VirusViewController.swift */ = {isa = PBXFileReference; lastKnownFileType = sourcecode.swift; path = VirusViewController.swift; sourceTree = "<group>"; };
		89378C6B2510987800409CCC /* ResourcesTableViewController.swift */ = {isa = PBXFileReference; lastKnownFileType = sourcecode.swift; path = ResourcesTableViewController.swift; sourceTree = "<group>"; };
		89378C6D2510989F00409CCC /* FAQsTableViewController.swift */ = {isa = PBXFileReference; lastKnownFileType = sourcecode.swift; path = FAQsTableViewController.swift; sourceTree = "<group>"; };
		89479B722507E6B3003E512C /* MoreDetailsViewController.swift */ = {isa = PBXFileReference; lastKnownFileType = sourcecode.swift; path = MoreDetailsViewController.swift; sourceTree = "<group>"; };
		894A36F3250881E00042B227 /* Virus (Dark).mov */ = {isa = PBXFileReference; lastKnownFileType = video.quicktime; path = "Virus (Dark).mov"; sourceTree = "<group>"; };
		894A36F4250881E00042B227 /* Virus (Light).mov */ = {isa = PBXFileReference; lastKnownFileType = video.quicktime; path = "Virus (Light).mov"; sourceTree = "<group>"; };
		896F16CA25147E6700390AFA /* MoreSettingsTableViewController.swift */ = {isa = PBXFileReference; lastKnownFileType = sourcecode.swift; path = MoreSettingsTableViewController.swift; sourceTree = "<group>"; };
		8978695724EE93AB0007F25A /* SettingsTableViewController.swift */ = {isa = PBXFileReference; lastKnownFileType = sourcecode.swift; path = SettingsTableViewController.swift; sourceTree = "<group>"; };
		8978695924EE93B30007F25A /* AccountTableViewController.swift */ = {isa = PBXFileReference; lastKnownFileType = sourcecode.swift; path = AccountTableViewController.swift; sourceTree = "<group>"; };
		8978695B24EF664A0007F25A /* SecurityAndPrivacyTableViewController.swift */ = {isa = PBXFileReference; lastKnownFileType = sourcecode.swift; path = SecurityAndPrivacyTableViewController.swift; sourceTree = "<group>"; };
		897FFCCF250CA83C005E336B /* GuidelinesTableViewController.swift */ = {isa = PBXFileReference; lastKnownFileType = sourcecode.swift; path = GuidelinesTableViewController.swift; sourceTree = "<group>"; };
		89A714B025065CBF003AA536 /* ImageViewZoom.swift */ = {isa = PBXFileReference; fileEncoding = 4; lastKnownFileType = sourcecode.swift; path = ImageViewZoom.swift; sourceTree = "<group>"; };
		89AF6C5224E4D91500CA1EC6 /* Viraze.app */ = {isa = PBXFileReference; explicitFileType = wrapper.application; includeInIndex = 0; path = Viraze.app; sourceTree = BUILT_PRODUCTS_DIR; };
		89AF6C5524E4D91500CA1EC6 /* AppDelegate.swift */ = {isa = PBXFileReference; lastKnownFileType = sourcecode.swift; path = AppDelegate.swift; sourceTree = "<group>"; };
		89AF6C5724E4D91500CA1EC6 /* SceneDelegate.swift */ = {isa = PBXFileReference; lastKnownFileType = sourcecode.swift; path = SceneDelegate.swift; sourceTree = "<group>"; };
		89AF6C5924E4D91500CA1EC6 /* ViewController.swift */ = {isa = PBXFileReference; lastKnownFileType = sourcecode.swift; path = ViewController.swift; sourceTree = "<group>"; };
		89AF6C5C24E4D91500CA1EC6 /* Base */ = {isa = PBXFileReference; lastKnownFileType = file.storyboard; name = Base; path = Base.lproj/Main.storyboard; sourceTree = "<group>"; };
		89AF6C5E24E4D91800CA1EC6 /* Assets.xcassets */ = {isa = PBXFileReference; lastKnownFileType = folder.assetcatalog; path = Assets.xcassets; sourceTree = "<group>"; };
		89AF6C6124E4D91800CA1EC6 /* Base */ = {isa = PBXFileReference; lastKnownFileType = file.storyboard; name = Base; path = Base.lproj/LaunchScreen.storyboard; sourceTree = "<group>"; };
		89AF6C6324E4D91800CA1EC6 /* Info.plist */ = {isa = PBXFileReference; lastKnownFileType = text.plist.xml; path = Info.plist; sourceTree = "<group>"; };
		89AF6C6924E50B1700CA1EC6 /* TabBarController.swift */ = {isa = PBXFileReference; lastKnownFileType = sourcecode.swift; path = TabBarController.swift; sourceTree = "<group>"; };
		89AF6C6B24E5107800CA1EC6 /* TutorialViewController.swift */ = {isa = PBXFileReference; lastKnownFileType = sourcecode.swift; path = TutorialViewController.swift; sourceTree = "<group>"; };
		89AF6C6D24E5502E00CA1EC6 /* NameViewController.swift */ = {isa = PBXFileReference; lastKnownFileType = sourcecode.swift; path = NameViewController.swift; sourceTree = "<group>"; };
		89B6FFB624E7E75100B7A0B9 /* Data.swift */ = {isa = PBXFileReference; lastKnownFileType = sourcecode.swift; path = Data.swift; sourceTree = "<group>"; };
		89CBF2F42514A5C000BDE9C7 /* TreatmentVirusViewController.swift */ = {isa = PBXFileReference; lastKnownFileType = sourcecode.swift; path = TreatmentVirusViewController.swift; sourceTree = "<group>"; };
		89D8D90524E6440A00ED240C /* HomeViewController.swift */ = {isa = PBXFileReference; lastKnownFileType = sourcecode.swift; path = HomeViewController.swift; sourceTree = "<group>"; };
		89D8D90724E66E9500ED240C /* ChangeNameViewController.swift */ = {isa = PBXFileReference; lastKnownFileType = sourcecode.swift; path = ChangeNameViewController.swift; sourceTree = "<group>"; };
		89E37E3A2503E5E800434D16 /* TutorialInSettingsViewController.swift */ = {isa = PBXFileReference; lastKnownFileType = sourcecode.swift; path = TutorialInSettingsViewController.swift; sourceTree = "<group>"; };
		89E37E3C2504777200434D16 /* SourcesTableViewController.swift */ = {isa = PBXFileReference; lastKnownFileType = sourcecode.swift; path = SourcesTableViewController.swift; sourceTree = "<group>"; };
		89E37E3E250544EA00434D16 /* TipsTableViewController.swift */ = {isa = PBXFileReference; lastKnownFileType = sourcecode.swift; path = TipsTableViewController.swift; sourceTree = "<group>"; };
		89E6D20D24F0A5AA005E9B11 /* HelpTableViewController.swift */ = {isa = PBXFileReference; lastKnownFileType = sourcecode.swift; path = HelpTableViewController.swift; sourceTree = "<group>"; };
		89F11CF224F785ED004746EC /* McqQnsViewController.swift */ = {isa = PBXFileReference; fileEncoding = 4; lastKnownFileType = sourcecode.swift; path = McqQnsViewController.swift; sourceTree = "<group>"; };
		89F11CF324F785EE004746EC /* McqMainViewController.swift */ = {isa = PBXFileReference; fileEncoding = 4; lastKnownFileType = sourcecode.swift; path = McqMainViewController.swift; sourceTree = "<group>"; };
		89F2D9CF251368F900020C21 /* PreventionVirusViewController.swift */ = {isa = PBXFileReference; lastKnownFileType = sourcecode.swift; path = PreventionVirusViewController.swift; sourceTree = "<group>"; };
		89F5878E24F22E360058D62B /* TestVirusViewController.swift */ = {isa = PBXFileReference; lastKnownFileType = sourcecode.swift; path = TestVirusViewController.swift; sourceTree = "<group>"; };
		89F5879024F2472A0058D62B /* DefintionViewController.swift */ = {isa = PBXFileReference; lastKnownFileType = sourcecode.swift; path = DefintionViewController.swift; sourceTree = "<group>"; };
		89F5879424F274B80058D62B /* CircularTransition.swift */ = {isa = PBXFileReference; lastKnownFileType = sourcecode.swift; path = CircularTransition.swift; sourceTree = "<group>"; };
		89F5879624F27CD10058D62B /* FirstViewController.swift */ = {isa = PBXFileReference; lastKnownFileType = sourcecode.swift; path = FirstViewController.swift; sourceTree = "<group>"; };
		89F5879824F27CE00058D62B /* SecondViewController.swift */ = {isa = PBXFileReference; lastKnownFileType = sourcecode.swift; path = SecondViewController.swift; sourceTree = "<group>"; };
/* End PBXFileReference section */

/* Begin PBXFrameworksBuildPhase section */
		89AF6C4F24E4D91500CA1EC6 /* Frameworks */ = {
			isa = PBXFrameworksBuildPhase;
			buildActionMask = 2147483647;
			files = (
			);
			runOnlyForDeploymentPostprocessing = 0;
		};
/* End PBXFrameworksBuildPhase section */

/* Begin PBXGroup section */
		89AF6C4924E4D91500CA1EC6 = {
			isa = PBXGroup;
			children = (
				89AF6C5424E4D91500CA1EC6 /* Viraze */,
				89AF6C5324E4D91500CA1EC6 /* Products */,
			);
			sourceTree = "<group>";
		};
		89AF6C5324E4D91500CA1EC6 /* Products */ = {
			isa = PBXGroup;
			children = (
				89AF6C5224E4D91500CA1EC6 /* Viraze.app */,
			);
			name = Products;
			sourceTree = "<group>";
		};
		89AF6C5424E4D91500CA1EC6 /* Viraze */ = {
			isa = PBXGroup;
			children = (
				890B03882514FE1D001DC79D /* virazePersonalisationDark.mov */,
				890B03892514FE1D001DC79D /* virazePersonalisationLight.mov */,
				894A36F3250881E00042B227 /* Virus (Dark).mov */,
				894A36F4250881E00042B227 /* Virus (Light).mov */,
				89AF6C5524E4D91500CA1EC6 /* AppDelegate.swift */,
				89AF6C5724E4D91500CA1EC6 /* SceneDelegate.swift */,
				89AF6C5B24E4D91500CA1EC6 /* Main.storyboard */,
				89AF6C5E24E4D91800CA1EC6 /* Assets.xcassets */,
				89AF6C6024E4D91800CA1EC6 /* LaunchScreen.storyboard */,
				89AF6C6324E4D91800CA1EC6 /* Info.plist */,
				89AF6C5924E4D91500CA1EC6 /* ViewController.swift */,
				89AF6C6924E50B1700CA1EC6 /* TabBarController.swift */,
				89AF6C6B24E5107800CA1EC6 /* TutorialViewController.swift */,
				89AF6C6D24E5502E00CA1EC6 /* NameViewController.swift */,
				89D8D90524E6440A00ED240C /* HomeViewController.swift */,
				89D8D90724E66E9500ED240C /* ChangeNameViewController.swift */,
				89B6FFB624E7E75100B7A0B9 /* Data.swift */,
				8978695724EE93AB0007F25A /* SettingsTableViewController.swift */,
				8978695924EE93B30007F25A /* AccountTableViewController.swift */,
				8978695B24EF664A0007F25A /* SecurityAndPrivacyTableViewController.swift */,
				89E6D20D24F0A5AA005E9B11 /* HelpTableViewController.swift */,
				89F5878E24F22E360058D62B /* TestVirusViewController.swift */,
				89F5879024F2472A0058D62B /* DefintionViewController.swift */,
				89F5879424F274B80058D62B /* CircularTransition.swift */,
				89F5879624F27CD10058D62B /* FirstViewController.swift */,
				89F5879824F27CE00058D62B /* SecondViewController.swift */,
				89F11CF324F785EE004746EC /* McqMainViewController.swift */,
				89F11CF224F785ED004746EC /* McqQnsViewController.swift */,
				8931C08F24F564B300F7541D /* ScaleSegue.swift */,
				89E37E3A2503E5E800434D16 /* TutorialInSettingsViewController.swift */,
				89E37E3C2504777200434D16 /* SourcesTableViewController.swift */,
				89E37E3E250544EA00434D16 /* TipsTableViewController.swift */,
				89A714B025065CBF003AA536 /* ImageViewZoom.swift */,
				89479B722507E6B3003E512C /* MoreDetailsViewController.swift */,
				897FFCCF250CA83C005E336B /* GuidelinesTableViewController.swift */,
				89378C692510867200409CCC /* VirusViewController.swift */,
				89378C6B2510987800409CCC /* ResourcesTableViewController.swift */,
				89378C6D2510989F00409CCC /* FAQsTableViewController.swift */,
				89F2D9CF251368F900020C21 /* PreventionVirusViewController.swift */,
				891677C62513B9CB006A45A4 /* VirusTableViewController.swift */,
				896F16CA25147E6700390AFA /* MoreSettingsTableViewController.swift */,
				891677CC25146A67006A45A4 /* AllSourcesTableViewController.swift */,
				89CBF2F42514A5C000BDE9C7 /* TreatmentVirusViewController.swift */,
				890B038D25151A6C001DC79D /* VirusMoreTableViewController.swift */,
			);
			path = Viraze;
			sourceTree = "<group>";
		};
/* End PBXGroup section */

/* Begin PBXNativeTarget section */
		89AF6C5124E4D91500CA1EC6 /* Viraze */ = {
			isa = PBXNativeTarget;
			buildConfigurationList = 89AF6C6624E4D91800CA1EC6 /* Build configuration list for PBXNativeTarget "Viraze" */;
			buildPhases = (
				89AF6C4E24E4D91500CA1EC6 /* Sources */,
				89AF6C4F24E4D91500CA1EC6 /* Frameworks */,
				89AF6C5024E4D91500CA1EC6 /* Resources */,
			);
			buildRules = (
			);
			dependencies = (
			);
			name = Viraze;
			productName = Viraze;
			productReference = 89AF6C5224E4D91500CA1EC6 /* Viraze.app */;
			productType = "com.apple.product-type.application";
		};
/* End PBXNativeTarget section */

/* Begin PBXProject section */
		89AF6C4A24E4D91500CA1EC6 /* Project object */ = {
			isa = PBXProject;
			attributes = {
				LastSwiftUpdateCheck = 1160;
				LastUpgradeCheck = 1160;
				ORGANIZATIONNAME = "Granwyn Tan";
				TargetAttributes = {
					89AF6C5124E4D91500CA1EC6 = {
						CreatedOnToolsVersion = 11.6;
					};
				};
			};
			buildConfigurationList = 89AF6C4D24E4D91500CA1EC6 /* Build configuration list for PBXProject "Viraze" */;
			compatibilityVersion = "Xcode 9.3";
			developmentRegion = en;
			hasScannedForEncodings = 0;
			knownRegions = (
				en,
				Base,
			);
			mainGroup = 89AF6C4924E4D91500CA1EC6;
			productRefGroup = 89AF6C5324E4D91500CA1EC6 /* Products */;
			projectDirPath = "";
			projectRoot = "";
			targets = (
				89AF6C5124E4D91500CA1EC6 /* Viraze */,
			);
		};
/* End PBXProject section */

/* Begin PBXResourcesBuildPhase section */
		89AF6C5024E4D91500CA1EC6 /* Resources */ = {
			isa = PBXResourcesBuildPhase;
			buildActionMask = 2147483647;
			files = (
				890B039225151B2B001DC79D /* Main.storyboard in Resources */,
				894A36F6250881E00042B227 /* Virus (Light).mov in Resources */,
				894A36F5250881E00042B227 /* Virus (Dark).mov in Resources */,
				89AF6C6224E4D91800CA1EC6 /* LaunchScreen.storyboard in Resources */,
				89AF6C5F24E4D91800CA1EC6 /* Assets.xcassets in Resources */,
				890B038B2514FE1E001DC79D /* virazePersonalisationLight.mov in Resources */,
				890B038A2514FE1E001DC79D /* virazePersonalisationDark.mov in Resources */,
			);
			runOnlyForDeploymentPostprocessing = 0;
		};
/* End PBXResourcesBuildPhase section */

/* Begin PBXSourcesBuildPhase section */
		89AF6C4E24E4D91500CA1EC6 /* Sources */ = {
			isa = PBXSourcesBuildPhase;
			buildActionMask = 2147483647;
			files = (
				89F2D9D0251368F900020C21 /* PreventionVirusViewController.swift in Sources */,
				891677CD25146A68006A45A4 /* AllSourcesTableViewController.swift in Sources */,
				8931C09024F564B300F7541D /* ScaleSegue.swift in Sources */,
				89AF6C5A24E4D91500CA1EC6 /* ViewController.swift in Sources */,
				89AF6C6A24E50B1800CA1EC6 /* TabBarController.swift in Sources */,
				89378C6C2510987800409CCC /* ResourcesTableViewController.swift in Sources */,
				8978695C24EF664A0007F25A /* SecurityAndPrivacyTableViewController.swift in Sources */,
				89E37E3D2504777300434D16 /* SourcesTableViewController.swift in Sources */,
				89A714B125065CBF003AA536 /* ImageViewZoom.swift in Sources */,
				896F16CB25147E6700390AFA /* MoreSettingsTableViewController.swift in Sources */,
				897FFCD0250CA83C005E336B /* GuidelinesTableViewController.swift in Sources */,
				89E37E3F250544EB00434D16 /* TipsTableViewController.swift in Sources */,
				89378C6E2510989F00409CCC /* FAQsTableViewController.swift in Sources */,
				89F5879924F27CE00058D62B /* SecondViewController.swift in Sources */,
				8978695A24EE93B30007F25A /* AccountTableViewController.swift in Sources */,
				89AF6C6C24E5107800CA1EC6 /* TutorialViewController.swift in Sources */,
				89378C6A2510867200409CCC /* VirusViewController.swift in Sources */,
				89F11CF524F785EE004746EC /* McqMainViewController.swift in Sources */,
				89F11CF424F785EE004746EC /* McqQnsViewController.swift in Sources */,
				89F5879124F2472A0058D62B /* DefintionViewController.swift in Sources */,
				890B038E25151A6C001DC79D /* VirusMoreTableViewController.swift in Sources */,
				8978695824EE93AB0007F25A /* SettingsTableViewController.swift in Sources */,
				89AF6C5624E4D91500CA1EC6 /* AppDelegate.swift in Sources */,
				89F5879724F27CD10058D62B /* FirstViewController.swift in Sources */,
				89E6D20E24F0A5AA005E9B11 /* HelpTableViewController.swift in Sources */,
				89479B732507E6B3003E512C /* MoreDetailsViewController.swift in Sources */,
				89F5879524F274B80058D62B /* CircularTransition.swift in Sources */,
				89AF6C5824E4D91500CA1EC6 /* SceneDelegate.swift in Sources */,
				891677C72513B9CB006A45A4 /* VirusTableViewController.swift in Sources */,
				89D8D90624E6440A00ED240C /* HomeViewController.swift in Sources */,
				89E37E3B2503E5E800434D16 /* TutorialInSettingsViewController.swift in Sources */,
				89AF6C6E24E5502F00CA1EC6 /* NameViewController.swift in Sources */,
				89F5878F24F22E370058D62B /* TestVirusViewController.swift in Sources */,
				89B6FFB724E7E75100B7A0B9 /* Data.swift in Sources */,
				89CBF2F52514A5C000BDE9C7 /* TreatmentVirusViewController.swift in Sources */,
				89D8D90824E66E9500ED240C /* ChangeNameViewController.swift in Sources */,
			);
			runOnlyForDeploymentPostprocessing = 0;
		};
/* End PBXSourcesBuildPhase section */

/* Begin PBXVariantGroup section */
		89AF6C5B24E4D91500CA1EC6 /* Main.storyboard */ = {
			isa = PBXVariantGroup;
			children = (
				89AF6C5C24E4D91500CA1EC6 /* Base */,
			);
			name = Main.storyboard;
			sourceTree = "<group>";
		};
		89AF6C6024E4D91800CA1EC6 /* LaunchScreen.storyboard */ = {
			isa = PBXVariantGroup;
			children = (
				89AF6C6124E4D91800CA1EC6 /* Base */,
			);
			name = LaunchScreen.storyboard;
			sourceTree = "<group>";
		};
/* End PBXVariantGroup section */

/* Begin XCBuildConfiguration section */
		89AF6C6424E4D91800CA1EC6 /* Debug */ = {
			isa = XCBuildConfiguration;
			buildSettings = {
				ALWAYS_SEARCH_USER_PATHS = NO;
				CLANG_ANALYZER_NONNULL = YES;
				CLANG_ANALYZER_NUMBER_OBJECT_CONVERSION = YES_AGGRESSIVE;
				CLANG_CXX_LANGUAGE_STANDARD = "gnu++14";
				CLANG_CXX_LIBRARY = "libc++";
				CLANG_ENABLE_MODULES = YES;
				CLANG_ENABLE_OBJC_ARC = YES;
				CLANG_ENABLE_OBJC_WEAK = YES;
				CLANG_WARN_BLOCK_CAPTURE_AUTORELEASING = YES;
				CLANG_WARN_BOOL_CONVERSION = YES;
				CLANG_WARN_COMMA = YES;
				CLANG_WARN_CONSTANT_CONVERSION = YES;
				CLANG_WARN_DEPRECATED_OBJC_IMPLEMENTATIONS = YES;
				CLANG_WARN_DIRECT_OBJC_ISA_USAGE = YES_ERROR;
				CLANG_WARN_DOCUMENTATION_COMMENTS = YES;
				CLANG_WARN_EMPTY_BODY = YES;
				CLANG_WARN_ENUM_CONVERSION = YES;
				CLANG_WARN_INFINITE_RECURSION = YES;
				CLANG_WARN_INT_CONVERSION = YES;
				CLANG_WARN_NON_LITERAL_NULL_CONVERSION = YES;
				CLANG_WARN_OBJC_IMPLICIT_RETAIN_SELF = YES;
				CLANG_WARN_OBJC_LITERAL_CONVERSION = YES;
				CLANG_WARN_OBJC_ROOT_CLASS = YES_ERROR;
				CLANG_WARN_RANGE_LOOP_ANALYSIS = YES;
				CLANG_WARN_STRICT_PROTOTYPES = YES;
				CLANG_WARN_SUSPICIOUS_MOVE = YES;
				CLANG_WARN_UNGUARDED_AVAILABILITY = YES_AGGRESSIVE;
				CLANG_WARN_UNREACHABLE_CODE = YES;
				CLANG_WARN__DUPLICATE_METHOD_MATCH = YES;
				COPY_PHASE_STRIP = NO;
				DEBUG_INFORMATION_FORMAT = dwarf;
				ENABLE_STRICT_OBJC_MSGSEND = YES;
				ENABLE_TESTABILITY = YES;
				GCC_C_LANGUAGE_STANDARD = gnu11;
				GCC_DYNAMIC_NO_PIC = NO;
				GCC_NO_COMMON_BLOCKS = YES;
				GCC_OPTIMIZATION_LEVEL = 0;
				GCC_PREPROCESSOR_DEFINITIONS = (
					"DEBUG=1",
					"$(inherited)",
				);
				GCC_WARN_64_TO_32_BIT_CONVERSION = YES;
				GCC_WARN_ABOUT_RETURN_TYPE = YES_ERROR;
				GCC_WARN_UNDECLARED_SELECTOR = YES;
				GCC_WARN_UNINITIALIZED_AUTOS = YES_AGGRESSIVE;
				GCC_WARN_UNUSED_FUNCTION = YES;
				GCC_WARN_UNUSED_VARIABLE = YES;
				IPHONEOS_DEPLOYMENT_TARGET = 14.0;
				MTL_ENABLE_DEBUG_INFO = INCLUDE_SOURCE;
				MTL_FAST_MATH = YES;
				ONLY_ACTIVE_ARCH = YES;
				SDKROOT = iphoneos;
				SWIFT_ACTIVE_COMPILATION_CONDITIONS = DEBUG;
				SWIFT_OPTIMIZATION_LEVEL = "-Onone";
			};
			name = Debug;
		};
		89AF6C6524E4D91800CA1EC6 /* Release */ = {
			isa = XCBuildConfiguration;
			buildSettings = {
				ALWAYS_SEARCH_USER_PATHS = NO;
				CLANG_ANALYZER_NONNULL = YES;
				CLANG_ANALYZER_NUMBER_OBJECT_CONVERSION = YES_AGGRESSIVE;
				CLANG_CXX_LANGUAGE_STANDARD = "gnu++14";
				CLANG_CXX_LIBRARY = "libc++";
				CLANG_ENABLE_MODULES = YES;
				CLANG_ENABLE_OBJC_ARC = YES;
				CLANG_ENABLE_OBJC_WEAK = YES;
				CLANG_WARN_BLOCK_CAPTURE_AUTORELEASING = YES;
				CLANG_WARN_BOOL_CONVERSION = YES;
				CLANG_WARN_COMMA = YES;
				CLANG_WARN_CONSTANT_CONVERSION = YES;
				CLANG_WARN_DEPRECATED_OBJC_IMPLEMENTATIONS = YES;
				CLANG_WARN_DIRECT_OBJC_ISA_USAGE = YES_ERROR;
				CLANG_WARN_DOCUMENTATION_COMMENTS = YES;
				CLANG_WARN_EMPTY_BODY = YES;
				CLANG_WARN_ENUM_CONVERSION = YES;
				CLANG_WARN_INFINITE_RECURSION = YES;
				CLANG_WARN_INT_CONVERSION = YES;
				CLANG_WARN_NON_LITERAL_NULL_CONVERSION = YES;
				CLANG_WARN_OBJC_IMPLICIT_RETAIN_SELF = YES;
				CLANG_WARN_OBJC_LITERAL_CONVERSION = YES;
				CLANG_WARN_OBJC_ROOT_CLASS = YES_ERROR;
				CLANG_WARN_RANGE_LOOP_ANALYSIS = YES;
				CLANG_WARN_STRICT_PROTOTYPES = YES;
				CLANG_WARN_SUSPICIOUS_MOVE = YES;
				CLANG_WARN_UNGUARDED_AVAILABILITY = YES_AGGRESSIVE;
				CLANG_WARN_UNREACHABLE_CODE = YES;
				CLANG_WARN__DUPLICATE_METHOD_MATCH = YES;
				COPY_PHASE_STRIP = NO;
				DEBUG_INFORMATION_FORMAT = "dwarf-with-dsym";
				ENABLE_NS_ASSERTIONS = NO;
				ENABLE_STRICT_OBJC_MSGSEND = YES;
				GCC_C_LANGUAGE_STANDARD = gnu11;
				GCC_NO_COMMON_BLOCKS = YES;
				GCC_WARN_64_TO_32_BIT_CONVERSION = YES;
				GCC_WARN_ABOUT_RETURN_TYPE = YES_ERROR;
				GCC_WARN_UNDECLARED_SELECTOR = YES;
				GCC_WARN_UNINITIALIZED_AUTOS = YES_AGGRESSIVE;
				GCC_WARN_UNUSED_FUNCTION = YES;
				GCC_WARN_UNUSED_VARIABLE = YES;
				IPHONEOS_DEPLOYMENT_TARGET = 14.0;
				MTL_ENABLE_DEBUG_INFO = NO;
				MTL_FAST_MATH = YES;
				SDKROOT = iphoneos;
				SWIFT_COMPILATION_MODE = wholemodule;
				SWIFT_OPTIMIZATION_LEVEL = "-O";
				VALIDATE_PRODUCT = YES;
			};
			name = Release;
		};
		89AF6C6724E4D91800CA1EC6 /* Debug */ = {
			isa = XCBuildConfiguration;
			buildSettings = {
				ASSETCATALOG_COMPILER_APPICON_NAME = AppIcon;
				CODE_SIGN_STYLE = Automatic;
				DEVELOPMENT_TEAM = JH76H75KWC;
				INFOPLIST_FILE = Viraze/Info.plist;
				LD_RUNPATH_SEARCH_PATHS = (
					"$(inherited)",
					"@executable_path/Frameworks",
				);
				PRODUCT_BUNDLE_IDENTIFIER = granwyntan.Viraze;
				PRODUCT_NAME = "$(TARGET_NAME)";
				SWIFT_VERSION = 5.0;
				TARGETED_DEVICE_FAMILY = "1,2";
			};
			name = Debug;
		};
		89AF6C6824E4D91800CA1EC6 /* Release */ = {
			isa = XCBuildConfiguration;
			buildSettings = {
				ASSETCATALOG_COMPILER_APPICON_NAME = AppIcon;
				CODE_SIGN_STYLE = Automatic;
				DEVELOPMENT_TEAM = JH76H75KWC;
				INFOPLIST_FILE = Viraze/Info.plist;
				LD_RUNPATH_SEARCH_PATHS = (
					"$(inherited)",
					"@executable_path/Frameworks",
				);
				PRODUCT_BUNDLE_IDENTIFIER = granwyntan.Viraze;
				PRODUCT_NAME = "$(TARGET_NAME)";
				SWIFT_VERSION = 5.0;
				TARGETED_DEVICE_FAMILY = "1,2";
			};
			name = Release;
		};
/* End XCBuildConfiguration section */

/* Begin XCConfigurationList section */
		89AF6C4D24E4D91500CA1EC6 /* Build configuration list for PBXProject "Viraze" */ = {
			isa = XCConfigurationList;
			buildConfigurations = (
				89AF6C6424E4D91800CA1EC6 /* Debug */,
				89AF6C6524E4D91800CA1EC6 /* Release */,
			);
			defaultConfigurationIsVisible = 0;
			defaultConfigurationName = Release;
		};
		89AF6C6624E4D91800CA1EC6 /* Build configuration list for PBXNativeTarget "Viraze" */ = {
			isa = XCConfigurationList;
			buildConfigurations = (
				89AF6C6724E4D91800CA1EC6 /* Debug */,
				89AF6C6824E4D91800CA1EC6 /* Release */,
			);
			defaultConfigurationIsVisible = 0;
			defaultConfigurationName = Release;
		};
/* End XCConfigurationList section */
	};
	rootObject = 89AF6C4A24E4D91500CA1EC6 /* Project object */;
}
